
Microsoft Visual Studio Solution File, Format Version 12.00
# Visual Studio Version 16
VisualStudioVersion = 16.0.31911.196
MinimumVisualStudioVersion = 10.0.40219.1
Project("{FAE04EC0-301F-11D3-BF4B-00C04F79EFBC}") = "AtmosferYerIstasyonum", "AtmosferYerIstasyonum\AtmosferYerIstasyonum.csproj", "{AA5D2E8A-4377-411B-9ED7-7F9C3F2AA73E}"
EndProject
Global
	GlobalSection(SolutionConfigurationPlatforms) = preSolution
		Debug|Any CPU = Debug|Any CPU
		Release|Any CPU = Release|Any CPU
	EndGlobalSection
	GlobalSection(ProjectConfigurationPlatforms) = postSolution
		{AA5D2E8A-4377-411B-9ED7-7F9C3F2AA73E}.Debug|Any CPU.ActiveCfg = Debug|Any CPU
		{AA5D2E8A-4377-411B-9ED7-7F9C3F2AA73E}.Debug|Any CPU.Build.0 = Debug|Any CPU
		{AA5D2E8A-4377-411B-9ED7-7F9C3F2AA73E}.Release|Any CPU.ActiveCfg = Release|Any CPU
		{AA5D2E8A-4377-411B-9ED7-7F9C3F2AA73E}.Release|Any CPU.Build.0 = Release|Any CPU
	EndGlobalSection
	GlobalSection(SolutionProperties) = preSolution
		HideSolutionNode = FALSE
	EndGlobalSection
	GlobalSection(ExtensibilityGlobals) = postSolution
		SolutionGuid = {793CBCC7-6376-4C22-88F3-84FEF2C53B12}
	EndGlobalSection
EndGlobal
